{
  "name": "vpn-bypass",
  "version": "0.1.0",
  "lockfileVersion": 3,
  "requires": true,
  "packages": {
    "": {
      "name": "vpn-bypass",
      "version": "0.1.0",
      "license": "MIT",
      "bin": {
        "vpn-bypass": "bin/vpn-bypass.js"
      },
      "engines": {
        "node": ">=18"
      }
    }
  }
}
