{
  "name": "@peerapat.srs/vpn-bypass",
  "version": "0.3.2",
  "lockfileVersion": 3,
  "requires": true,
  "packages": {
    "": {
      "name": "@peerapat.srs/vpn-bypass",
      "version": "0.3.2",
      "license": "MIT",
      "bin": {
        "vpn-bypass": "bin/vpn-bypass.js"
      },
      "engines": {
        "node": ">=18"
      }
    }
  }
}
